{
  "name": "Elearning-Platform-Using-MERN",
  "lockfileVersion": 2,
  "requires": true,
  "packages": {
    "": {
      "dependencies": {
        "@vercel/speed-insights": "^1.0.12"
      }
    },
    "node_modules/@vercel/speed-insights": {
      "version": "1.0.12",
      "resolved": "https://registry.npmjs.org/@vercel/speed-insights/-/speed-insights-1.0.12.tgz",
      "integrity": "sha512-ZGQ+a7bcfWJD2VYEp2R1LHvRAMyyaFBYytZXsfnbOMkeOvzGNVxUL7aVUvisIrTZjXTSsxG45DKX7yiw6nq2Jw==",
      "hasInstallScript": true,
      "license": "Apache-2.0",
      "peerDependencies": {
        "@sveltejs/kit": "^1 || ^2",
        "next": ">= 13",
        "react": "^18 || ^19",
        "svelte": "^4",
        "vue": "^3",
        "vue-router": "^4"
      },
      "peerDependenciesMeta": {
        "@sveltejs/kit": {
          "optional": true
        },
        "next": {
          "optional": true
        },
        "react": {
          "optional": true
        },
        "svelte": {
          "optional": true
        },
        "vue": {
          "optional": true
        },
        "vue-router": {
          "optional": true
        }
      }
    }
  },
  "dependencies": {
    "@vercel/speed-insights": {
      "version": "1.0.12",
      "resolved": "https://registry.npmjs.org/@vercel/speed-insights/-/speed-insights-1.0.12.tgz",
      "integrity": "sha512-ZGQ+a7bcfWJD2VYEp2R1LHvRAMyyaFBYytZXsfnbOMkeOvzGNVxUL7aVUvisIrTZjXTSsxG45DKX7yiw6nq2Jw==",
      "requires": {}
    }
  }
}
